
Microsoft Visual Studio Solution File, Format Version 12.00
# Visual Studio Version 17
VisualStudioVersion = 17.9.34622.214
MinimumVisualStudioVersion = 10.0.40219.1
Project("{9A19103F-16F7-4668-BE54-9A1E7A4F7556}") = "MenuFlix.Web.Server", "MenuFlix.Web.Server\MenuFlix.Web.Server.csproj", "{D3763A23-E432-4EE8-B3E7-FE123DEFEF68}"
EndProject
Project("{9A19103F-16F7-4668-BE54-9A1E7A4F7556}") = "MenuFlix.Web.Shared", "MenuFlix.Web.Shared\MenuFlix.Web.Shared.csproj", "{7E6255CE-50B2-4C27-8C4E-5993C62C748D}"
EndProject
Project("{9A19103F-16F7-4668-BE54-9A1E7A4F7556}") = "MenuFlix.Web.Client", "MenuFlix.Web.Client\MenuFlix.Web.Client.csproj", "{5628BFBB-9253-4F87-B5C6-99CB6F1388C5}"
EndProject
Global
	GlobalSection(SolutionConfigurationPlatforms) = preSolution
		Debug|Any CPU = Debug|Any CPU
		Release|Any CPU = Release|Any CPU
	EndGlobalSection
	GlobalSection(ProjectConfigurationPlatforms) = postSolution
		{D3763A23-E432-4EE8-B3E7-FE123DEFEF68}.Debug|Any CPU.ActiveCfg = Debug|Any CPU
		{D3763A23-E432-4EE8-B3E7-FE123DEFEF68}.Debug|Any CPU.Build.0 = Debug|Any CPU
		{D3763A23-E432-4EE8-B3E7-FE123DEFEF68}.Release|Any CPU.ActiveCfg = Release|Any CPU
		{D3763A23-E432-4EE8-B3E7-FE123DEFEF68}.Release|Any CPU.Build.0 = Release|Any CPU
		{7E6255CE-50B2-4C27-8C4E-5993C62C748D}.Debug|Any CPU.ActiveCfg = Debug|Any CPU
		{7E6255CE-50B2-4C27-8C4E-5993C62C748D}.Debug|Any CPU.Build.0 = Debug|Any CPU
		{7E6255CE-50B2-4C27-8C4E-5993C62C748D}.Release|Any CPU.ActiveCfg = Release|Any CPU
		{7E6255CE-50B2-4C27-8C4E-5993C62C748D}.Release|Any CPU.Build.0 = Release|Any CPU
		{5628BFBB-9253-4F87-B5C6-99CB6F1388C5}.Debug|Any CPU.ActiveCfg = Debug|Any CPU
		{5628BFBB-9253-4F87-B5C6-99CB6F1388C5}.Debug|Any CPU.Build.0 = Debug|Any CPU
		{5628BFBB-9253-4F87-B5C6-99CB6F1388C5}.Release|Any CPU.ActiveCfg = Release|Any CPU
		{5628BFBB-9253-4F87-B5C6-99CB6F1388C5}.Release|Any CPU.Build.0 = Release|Any CPU
	EndGlobalSection
	GlobalSection(SolutionProperties) = preSolution
		HideSolutionNode = FALSE
	EndGlobalSection
	GlobalSection(ExtensibilityGlobals) = postSolution
		SolutionGuid = {E516B19D-AA57-4F08-BB7F-4EA21F38AD8D}
	EndGlobalSection
EndGlobal
